PODS:
  - ACPaginatorViewController (0.2.2)

DEPENDENCIES:
  - ACPaginatorViewController (from `../`)

EXTERNAL SOURCES:
  ACPaginatorViewController:
    :path: ../

SPEC CHECKSUMS:
  ACPaginatorViewController: 9a3964ab9e37771b8aff71ef9f1ba3cbbb4847d6

PODFILE CHECKSUM: b8ec61221a258ea92966b072e52f05aca71c0b3a

COCOAPODS: 1.0.1
